
Microsoft Visual Studio Solution File, Format Version 12.00
# Visual Studio 2012
Project("{FAE04EC0-301F-11D3-BF4B-00C04F79EFBC}") = "SchoolManagementSystem", "SchoolManagementSystem\SchoolManagementSystem.csproj", "{F26EF773-0AA3-4BC5-A78B-90D661D6634B}"
EndProject
Project("{FAE04EC0-301F-11D3-BF4B-00C04F79EFBC}") = "SchoolManagementSystem.Domain", "SchoolManagementSystem.Domain\SchoolManagementSystem.Domain.csproj", "{BEE2C7D7-4611-4EA9-B42A-F21C54D692BA}"
EndProject
Global
	GlobalSection(SolutionConfigurationPlatforms) = preSolution
		Debug|Any CPU = Debug|Any CPU
		Release|Any CPU = Release|Any CPU
	EndGlobalSection
	GlobalSection(ProjectConfigurationPlatforms) = postSolution
		{F26EF773-0AA3-4BC5-A78B-90D661D6634B}.Debug|Any CPU.ActiveCfg = Debug|Any CPU
		{F26EF773-0AA3-4BC5-A78B-90D661D6634B}.Debug|Any CPU.Build.0 = Debug|Any CPU
		{F26EF773-0AA3-4BC5-A78B-90D661D6634B}.Release|Any CPU.ActiveCfg = Release|Any CPU
		{F26EF773-0AA3-4BC5-A78B-90D661D6634B}.Release|Any CPU.Build.0 = Release|Any CPU
		{BEE2C7D7-4611-4EA9-B42A-F21C54D692BA}.Debug|Any CPU.ActiveCfg = Debug|Any CPU
		{BEE2C7D7-4611-4EA9-B42A-F21C54D692BA}.Debug|Any CPU.Build.0 = Debug|Any CPU
		{BEE2C7D7-4611-4EA9-B42A-F21C54D692BA}.Release|Any CPU.ActiveCfg = Release|Any CPU
		{BEE2C7D7-4611-4EA9-B42A-F21C54D692BA}.Release|Any CPU.Build.0 = Release|Any CPU
	EndGlobalSection
	GlobalSection(SolutionProperties) = preSolution
		HideSolutionNode = FALSE
	EndGlobalSection
EndGlobal
